
Microsoft Visual Studio Solution File, Format Version 12.00
# Visual Studio Version 17
VisualStudioVersion = 17.5.33530.505
MinimumVisualStudioVersion = 10.0.40219.1
Project("{FAE04EC0-301F-11D3-BF4B-00C04F79EFBC}") = "UvjetnoGrananje1Ret", "UvjetnoGrananje1Ret\UvjetnoGrananje1Ret.csproj", "{DA5FCBDC-A9CE-48B3-BD3F-723098AAFDBA}"
EndProject
Global
	GlobalSection(SolutionConfigurationPlatforms) = preSolution
		Debug|Any CPU = Debug|Any CPU
		Release|Any CPU = Release|Any CPU
	EndGlobalSection
	GlobalSection(ProjectConfigurationPlatforms) = postSolution
		{DA5FCBDC-A9CE-48B3-BD3F-723098AAFDBA}.Debug|Any CPU.ActiveCfg = Debug|Any CPU
		{DA5FCBDC-A9CE-48B3-BD3F-723098AAFDBA}.Debug|Any CPU.Build.0 = Debug|Any CPU
		{DA5FCBDC-A9CE-48B3-BD3F-723098AAFDBA}.Release|Any CPU.ActiveCfg = Release|Any CPU
		{DA5FCBDC-A9CE-48B3-BD3F-723098AAFDBA}.Release|Any CPU.Build.0 = Release|Any CPU
	EndGlobalSection
	GlobalSection(SolutionProperties) = preSolution
		HideSolutionNode = FALSE
	EndGlobalSection
	GlobalSection(ExtensibilityGlobals) = postSolution
		SolutionGuid = {D5C0A567-EE7C-46AF-8C81-1F61913DB91C}
	EndGlobalSection
EndGlobal
