
Microsoft Visual Studio Solution File, Format Version 12.00
# Visual Studio Version 17
VisualStudioVersion = 17.5.33530.505
MinimumVisualStudioVersion = 10.0.40219.1
Project("{FAE04EC0-301F-11D3-BF4B-00C04F79EFBC}") = "01Lambda", "01Lambda\01Lambda.csproj", "{C4764272-C971-49BE-9D3E-7D0A8FA1619E}"
EndProject
Global
	GlobalSection(SolutionConfigurationPlatforms) = preSolution
		Debug|Any CPU = Debug|Any CPU
		Release|Any CPU = Release|Any CPU
	EndGlobalSection
	GlobalSection(ProjectConfigurationPlatforms) = postSolution
		{C4764272-C971-49BE-9D3E-7D0A8FA1619E}.Debug|Any CPU.ActiveCfg = Debug|Any CPU
		{C4764272-C971-49BE-9D3E-7D0A8FA1619E}.Debug|Any CPU.Build.0 = Debug|Any CPU
		{C4764272-C971-49BE-9D3E-7D0A8FA1619E}.Release|Any CPU.ActiveCfg = Release|Any CPU
		{C4764272-C971-49BE-9D3E-7D0A8FA1619E}.Release|Any CPU.Build.0 = Release|Any CPU
	EndGlobalSection
	GlobalSection(SolutionProperties) = preSolution
		HideSolutionNode = FALSE
	EndGlobalSection
	GlobalSection(ExtensibilityGlobals) = postSolution
		SolutionGuid = {C63239F3-675E-4302-B5E8-C841214A97D9}
	EndGlobalSection
EndGlobal
