
Microsoft Visual Studio Solution File, Format Version 12.00
# Visual Studio Version 17
VisualStudioVersion = 17.5.33530.505
MinimumVisualStudioVersion = 10.0.40219.1
Project("{FAE04EC0-301F-11D3-BF4B-00C04F79EFBC}") = "Nasljeđivanje", "Nasljeđivanje\Nasljeđivanje.csproj", "{69145CC5-FFF8-43B6-9BA0-6D621F31C491}"
EndProject
Project("{FAE04EC0-301F-11D3-BF4B-00C04F79EFBC}") = "ApstraktnaKlasaiMetoda", "ApstraktnaKlasaiMetoda\ApstraktnaKlasaiMetoda.csproj", "{A7FD7CAF-BCD4-473E-960E-D1796EA1BEDE}"
EndProject
Project("{FAE04EC0-301F-11D3-BF4B-00C04F79EFBC}") = "Polimorfizam", "Polimorfizam\Polimorfizam.csproj", "{880AA3FE-236A-400E-AA54-E51051704C1D}"
EndProject
Global
	GlobalSection(SolutionConfigurationPlatforms) = preSolution
		Debug|Any CPU = Debug|Any CPU
		Release|Any CPU = Release|Any CPU
	EndGlobalSection
	GlobalSection(ProjectConfigurationPlatforms) = postSolution
		{69145CC5-FFF8-43B6-9BA0-6D621F31C491}.Debug|Any CPU.ActiveCfg = Debug|Any CPU
		{69145CC5-FFF8-43B6-9BA0-6D621F31C491}.Debug|Any CPU.Build.0 = Debug|Any CPU
		{69145CC5-FFF8-43B6-9BA0-6D621F31C491}.Release|Any CPU.ActiveCfg = Release|Any CPU
		{69145CC5-FFF8-43B6-9BA0-6D621F31C491}.Release|Any CPU.Build.0 = Release|Any CPU
		{A7FD7CAF-BCD4-473E-960E-D1796EA1BEDE}.Debug|Any CPU.ActiveCfg = Debug|Any CPU
		{A7FD7CAF-BCD4-473E-960E-D1796EA1BEDE}.Debug|Any CPU.Build.0 = Debug|Any CPU
		{A7FD7CAF-BCD4-473E-960E-D1796EA1BEDE}.Release|Any CPU.ActiveCfg = Release|Any CPU
		{A7FD7CAF-BCD4-473E-960E-D1796EA1BEDE}.Release|Any CPU.Build.0 = Release|Any CPU
		{880AA3FE-236A-400E-AA54-E51051704C1D}.Debug|Any CPU.ActiveCfg = Debug|Any CPU
		{880AA3FE-236A-400E-AA54-E51051704C1D}.Debug|Any CPU.Build.0 = Debug|Any CPU
		{880AA3FE-236A-400E-AA54-E51051704C1D}.Release|Any CPU.ActiveCfg = Release|Any CPU
		{880AA3FE-236A-400E-AA54-E51051704C1D}.Release|Any CPU.Build.0 = Release|Any CPU
	EndGlobalSection
	GlobalSection(SolutionProperties) = preSolution
		HideSolutionNode = FALSE
	EndGlobalSection
	GlobalSection(ExtensibilityGlobals) = postSolution
		SolutionGuid = {39773402-1984-4034-BB7F-1E92BB90F50F}
	EndGlobalSection
EndGlobal
